
Microsoft Visual Studio Solution File, Format Version 12.00
# Visual Studio Version 17
VisualStudioVersion = 17.0.31903.59
MinimumVisualStudioVersion = 10.0.40219.1
Project("{FAE04EC0-301F-11D3-BF4B-00C04F79EFBC}") = "BankMore.ContaCorrente.Api", "BankMore.ContaCorrente.Api\BankMore.ContaCorrente.Api.csproj", "{A44090BD-6F67-4019-BD87-9A6FB7CCC9EC}"
EndProject
Project("{FAE04EC0-301F-11D3-BF4B-00C04F79EFBC}") = "BankMore.ContaCorrente.Application", "BankMore.ContaCorrente.Application\BankMore.ContaCorrente.Application.csproj", "{2A12C07E-A1B7-4A03-A27A-0D4EEBE4251A}"
EndProject
Project("{FAE04EC0-301F-11D3-BF4B-00C04F79EFBC}") = "BankMore.ContaCorrente.Domain", "BankMore.ContaCorrente.Domain\BankMore.ContaCorrente.Domain.csproj", "{2B3C5398-12A3-48CC-AE7F-BC7104BF91F8}"
EndProject
Project("{FAE04EC0-301F-11D3-BF4B-00C04F79EFBC}") = "BankMore.ContaCorrente.Infrastructure", "BankMore.ContaCorrente.Infrastructure\BankMore.ContaCorrente.Infrastructure.csproj", "{821A19B9-E5CD-4A98-8C88-B023B5D21081}"
EndProject
Project("{FAE04EC0-301F-11D3-BF4B-00C04F79EFBC}") = "BankMore.Transferencia.Api", "BankMore.Transferencia.Api\BankMore.Transferencia.Api.csproj", "{26CA7BE4-E2EA-4F7A-ADA3-EB65EBBF4A51}"
EndProject
Project("{FAE04EC0-301F-11D3-BF4B-00C04F79EFBC}") = "BankMore.Transferencia.Application", "BankMore.Transferencia.Application\BankMore.Transferencia.Application.csproj", "{B2282173-F935-43FB-82C7-DC4B9DF4283D}"
EndProject
Project("{FAE04EC0-301F-11D3-BF4B-00C04F79EFBC}") = "BankMore.Transferencia.Domain", "BankMore.Transferencia.Domain\BankMore.Transferencia.Domain.csproj", "{598B9CD0-2BFA-4C1C-8163-748727D46AE9}"
EndProject
Project("{FAE04EC0-301F-11D3-BF4B-00C04F79EFBC}") = "BankMore.Transferencia.Infrastructure", "BankMore.Transferencia.Infrastructure\BankMore.Transferencia.Infrastructure.csproj", "{105DD01E-7915-432B-BE68-23E42248F886}"
EndProject
Project("{2150E333-8FDC-42A3-9474-1A3956D46DE8}") = "Tests", "Tests", "{02EA681E-C7D8-13C7-8484-4AC65E1B71E8}"
EndProject
Project("{FAE04EC0-301F-11D3-BF4B-00C04F79EFBC}") = "BankMore.ContaCorrente.UnitTests", "Tests\BankMore.ContaCorrente.UnitTests\BankMore.ContaCorrente.UnitTests.csproj", "{4063D199-89BB-7F9C-6E0E-21EFEEECD2BC}"
EndProject
Project("{FAE04EC0-301F-11D3-BF4B-00C04F79EFBC}") = "BankMore.Transferencia.UnitTests", "Tests\BankMore.Transferencia.UnitTests\BankMore.Transferencia.UnitTests.csproj", "{160BB44A-CCDD-05FF-E9ED-A902C04E1202}"
EndProject
Global
	GlobalSection(SolutionConfigurationPlatforms) = preSolution
		Debug|Any CPU = Debug|Any CPU
		Debug|x64 = Debug|x64
		Debug|x86 = Debug|x86
		Release|Any CPU = Release|Any CPU
		Release|x64 = Release|x64
		Release|x86 = Release|x86
	EndGlobalSection
	GlobalSection(ProjectConfigurationPlatforms) = postSolution
		{A44090BD-6F67-4019-BD87-9A6FB7CCC9EC}.Debug|Any CPU.ActiveCfg = Debug|Any CPU
		{A44090BD-6F67-4019-BD87-9A6FB7CCC9EC}.Debug|Any CPU.Build.0 = Debug|Any CPU
		{A44090BD-6F67-4019-BD87-9A6FB7CCC9EC}.Debug|x64.ActiveCfg = Debug|Any CPU
		{A44090BD-6F67-4019-BD87-9A6FB7CCC9EC}.Debug|x64.Build.0 = Debug|Any CPU
		{A44090BD-6F67-4019-BD87-9A6FB7CCC9EC}.Debug|x86.ActiveCfg = Debug|Any CPU
		{A44090BD-6F67-4019-BD87-9A6FB7CCC9EC}.Debug|x86.Build.0 = Debug|Any CPU
		{A44090BD-6F67-4019-BD87-9A6FB7CCC9EC}.Release|Any CPU.ActiveCfg = Release|Any CPU
		{A44090BD-6F67-4019-BD87-9A6FB7CCC9EC}.Release|Any CPU.Build.0 = Release|Any CPU
		{A44090BD-6F67-4019-BD87-9A6FB7CCC9EC}.Release|x64.ActiveCfg = Release|Any CPU
		{A44090BD-6F67-4019-BD87-9A6FB7CCC9EC}.Release|x64.Build.0 = Release|Any CPU
		{A44090BD-6F67-4019-BD87-9A6FB7CCC9EC}.Release|x86.ActiveCfg = Release|Any CPU
		{A44090BD-6F67-4019-BD87-9A6FB7CCC9EC}.Release|x86.Build.0 = Release|Any CPU
		{2A12C07E-A1B7-4A03-A27A-0D4EEBE4251A}.Debug|Any CPU.ActiveCfg = Debug|Any CPU
		{2A12C07E-A1B7-4A03-A27A-0D4EEBE4251A}.Debug|Any CPU.Build.0 = Debug|Any CPU
		{2A12C07E-A1B7-4A03-A27A-0D4EEBE4251A}.Debug|x64.ActiveCfg = Debug|Any CPU
		{2A12C07E-A1B7-4A03-A27A-0D4EEBE4251A}.Debug|x64.Build.0 = Debug|Any CPU
		{2A12C07E-A1B7-4A03-A27A-0D4EEBE4251A}.Debug|x86.ActiveCfg = Debug|Any CPU
		{2A12C07E-A1B7-4A03-A27A-0D4EEBE4251A}.Debug|x86.Build.0 = Debug|Any CPU
		{2A12C07E-A1B7-4A03-A27A-0D4EEBE4251A}.Release|Any CPU.ActiveCfg = Release|Any CPU
		{2A12C07E-A1B7-4A03-A27A-0D4EEBE4251A}.Release|Any CPU.Build.0 = Release|Any CPU
		{2A12C07E-A1B7-4A03-A27A-0D4EEBE4251A}.Release|x64.ActiveCfg = Release|Any CPU
		{2A12C07E-A1B7-4A03-A27A-0D4EEBE4251A}.Release|x64.Build.0 = Release|Any CPU
		{2A12C07E-A1B7-4A03-A27A-0D4EEBE4251A}.Release|x86.ActiveCfg = Release|Any CPU
		{2A12C07E-A1B7-4A03-A27A-0D4EEBE4251A}.Release|x86.Build.0 = Release|Any CPU
		{2B3C5398-12A3-48CC-AE7F-BC7104BF91F8}.Debug|Any CPU.ActiveCfg = Debug|Any CPU
		{2B3C5398-12A3-48CC-AE7F-BC7104BF91F8}.Debug|Any CPU.Build.0 = Debug|Any CPU
		{2B3C5398-12A3-48CC-AE7F-BC7104BF91F8}.Debug|x64.ActiveCfg = Debug|Any CPU
		{2B3C5398-12A3-48CC-AE7F-BC7104BF91F8}.Debug|x64.Build.0 = Debug|Any CPU
		{2B3C5398-12A3-48CC-AE7F-BC7104BF91F8}.Debug|x86.ActiveCfg = Debug|Any CPU
		{2B3C5398-12A3-48CC-AE7F-BC7104BF91F8}.Debug|x86.Build.0 = Debug|Any CPU
		{2B3C5398-12A3-48CC-AE7F-BC7104BF91F8}.Release|Any CPU.ActiveCfg = Release|Any CPU
		{2B3C5398-12A3-48CC-AE7F-BC7104BF91F8}.Release|Any CPU.Build.0 = Release|Any CPU
		{2B3C5398-12A3-48CC-AE7F-BC7104BF91F8}.Release|x64.ActiveCfg = Release|Any CPU
		{2B3C5398-12A3-48CC-AE7F-BC7104BF91F8}.Release|x64.Build.0 = Release|Any CPU
		{2B3C5398-12A3-48CC-AE7F-BC7104BF91F8}.Release|x86.ActiveCfg = Release|Any CPU
		{2B3C5398-12A3-48CC-AE7F-BC7104BF91F8}.Release|x86.Build.0 = Release|Any CPU
		{821A19B9-E5CD-4A98-8C88-B023B5D21081}.Debug|Any CPU.ActiveCfg = Debug|Any CPU
		{821A19B9-E5CD-4A98-8C88-B023B5D21081}.Debug|Any CPU.Build.0 = Debug|Any CPU
		{821A19B9-E5CD-4A98-8C88-B023B5D21081}.Debug|x64.ActiveCfg = Debug|Any CPU
		{821A19B9-E5CD-4A98-8C88-B023B5D21081}.Debug|x64.Build.0 = Debug|Any CPU
		{821A19B9-E5CD-4A98-8C88-B023B5D21081}.Debug|x86.ActiveCfg = Debug|Any CPU
		{821A19B9-E5CD-4A98-8C88-B023B5D21081}.Debug|x86.Build.0 = Debug|Any CPU
		{821A19B9-E5CD-4A98-8C88-B023B5D21081}.Release|Any CPU.ActiveCfg = Release|Any CPU
		{821A19B9-E5CD-4A98-8C88-B023B5D21081}.Release|Any CPU.Build.0 = Release|Any CPU
		{821A19B9-E5CD-4A98-8C88-B023B5D21081}.Release|x64.ActiveCfg = Release|Any CPU
		{821A19B9-E5CD-4A98-8C88-B023B5D21081}.Release|x64.Build.0 = Release|Any CPU
		{821A19B9-E5CD-4A98-8C88-B023B5D21081}.Release|x86.ActiveCfg = Release|Any CPU
		{821A19B9-E5CD-4A98-8C88-B023B5D21081}.Release|x86.Build.0 = Release|Any CPU
		{26CA7BE4-E2EA-4F7A-ADA3-EB65EBBF4A51}.Debug|Any CPU.ActiveCfg = Debug|Any CPU
		{26CA7BE4-E2EA-4F7A-ADA3-EB65EBBF4A51}.Debug|Any CPU.Build.0 = Debug|Any CPU
		{26CA7BE4-E2EA-4F7A-ADA3-EB65EBBF4A51}.Debug|x64.ActiveCfg = Debug|Any CPU
		{26CA7BE4-E2EA-4F7A-ADA3-EB65EBBF4A51}.Debug|x64.Build.0 = Debug|Any CPU
		{26CA7BE4-E2EA-4F7A-ADA3-EB65EBBF4A51}.Debug|x86.ActiveCfg = Debug|Any CPU
		{26CA7BE4-E2EA-4F7A-ADA3-EB65EBBF4A51}.Debug|x86.Build.0 = Debug|Any CPU
		{26CA7BE4-E2EA-4F7A-ADA3-EB65EBBF4A51}.Release|Any CPU.ActiveCfg = Release|Any CPU
		{26CA7BE4-E2EA-4F7A-ADA3-EB65EBBF4A51}.Release|Any CPU.Build.0 = Release|Any CPU
		{26CA7BE4-E2EA-4F7A-ADA3-EB65EBBF4A51}.Release|x64.ActiveCfg = Release|Any CPU
		{26CA7BE4-E2EA-4F7A-ADA3-EB65EBBF4A51}.Release|x64.Build.0 = Release|Any CPU
		{26CA7BE4-E2EA-4F7A-ADA3-EB65EBBF4A51}.Release|x86.ActiveCfg = Release|Any CPU
		{26CA7BE4-E2EA-4F7A-ADA3-EB65EBBF4A51}.Release|x86.Build.0 = Release|Any CPU
		{B2282173-F935-43FB-82C7-DC4B9DF4283D}.Debug|Any CPU.ActiveCfg = Debug|Any CPU
		{B2282173-F935-43FB-82C7-DC4B9DF4283D}.Debug|Any CPU.Build.0 = Debug|Any CPU
		{B2282173-F935-43FB-82C7-DC4B9DF4283D}.Debug|x64.ActiveCfg = Debug|Any CPU
		{B2282173-F935-43FB-82C7-DC4B9DF4283D}.Debug|x64.Build.0 = Debug|Any CPU
		{B2282173-F935-43FB-82C7-DC4B9DF4283D}.Debug|x86.ActiveCfg = Debug|Any CPU
		{B2282173-F935-43FB-82C7-DC4B9DF4283D}.Debug|x86.Build.0 = Debug|Any CPU
		{B2282173-F935-43FB-82C7-DC4B9DF4283D}.Release|Any CPU.ActiveCfg = Release|Any CPU
		{B2282173-F935-43FB-82C7-DC4B9DF4283D}.Release|Any CPU.Build.0 = Release|Any CPU
		{B2282173-F935-43FB-82C7-DC4B9DF4283D}.Release|x64.ActiveCfg = Release|Any CPU
		{B2282173-F935-43FB-82C7-DC4B9DF4283D}.Release|x64.Build.0 = Release|Any CPU
		{B2282173-F935-43FB-82C7-DC4B9DF4283D}.Release|x86.ActiveCfg = Release|Any CPU
		{B2282173-F935-43FB-82C7-DC4B9DF4283D}.Release|x86.Build.0 = Release|Any CPU
		{598B9CD0-2BFA-4C1C-8163-748727D46AE9}.Debug|Any CPU.ActiveCfg = Debug|Any CPU
		{598B9CD0-2BFA-4C1C-8163-748727D46AE9}.Debug|Any CPU.Build.0 = Debug|Any CPU
		{598B9CD0-2BFA-4C1C-8163-748727D46AE9}.Debug|x64.ActiveCfg = Debug|Any CPU
		{598B9CD0-2BFA-4C1C-8163-748727D46AE9}.Debug|x64.Build.0 = Debug|Any CPU
		{598B9CD0-2BFA-4C1C-8163-748727D46AE9}.Debug|x86.ActiveCfg = Debug|Any CPU
		{598B9CD0-2BFA-4C1C-8163-748727D46AE9}.Debug|x86.Build.0 = Debug|Any CPU
		{598B9CD0-2BFA-4C1C-8163-748727D46AE9}.Release|Any CPU.ActiveCfg = Release|Any CPU
		{598B9CD0-2BFA-4C1C-8163-748727D46AE9}.Release|Any CPU.Build.0 = Release|Any CPU
		{598B9CD0-2BFA-4C1C-8163-748727D46AE9}.Release|x64.ActiveCfg = Release|Any CPU
		{598B9CD0-2BFA-4C1C-8163-748727D46AE9}.Release|x64.Build.0 = Release|Any CPU
		{598B9CD0-2BFA-4C1C-8163-748727D46AE9}.Release|x86.ActiveCfg = Release|Any CPU
		{598B9CD0-2BFA-4C1C-8163-748727D46AE9}.Release|x86.Build.0 = Release|Any CPU
		{105DD01E-7915-432B-BE68-23E42248F886}.Debug|Any CPU.ActiveCfg = Debug|Any CPU
		{105DD01E-7915-432B-BE68-23E42248F886}.Debug|Any CPU.Build.0 = Debug|Any CPU
		{105DD01E-7915-432B-BE68-23E42248F886}.Debug|x64.ActiveCfg = Debug|Any CPU
		{105DD01E-7915-432B-BE68-23E42248F886}.Debug|x64.Build.0 = Debug|Any CPU
		{105DD01E-7915-432B-BE68-23E42248F886}.Debug|x86.ActiveCfg = Debug|Any CPU
		{105DD01E-7915-432B-BE68-23E42248F886}.Debug|x86.Build.0 = Debug|Any CPU
		{105DD01E-7915-432B-BE68-23E42248F886}.Release|Any CPU.ActiveCfg = Release|Any CPU
		{105DD01E-7915-432B-BE68-23E42248F886}.Release|Any CPU.Build.0 = Release|Any CPU
		{105DD01E-7915-432B-BE68-23E42248F886}.Release|x64.ActiveCfg = Release|Any CPU
		{105DD01E-7915-432B-BE68-23E42248F886}.Release|x64.Build.0 = Release|Any CPU
		{105DD01E-7915-432B-BE68-23E42248F886}.Release|x86.ActiveCfg = Release|Any CPU
		{105DD01E-7915-432B-BE68-23E42248F886}.Release|x86.Build.0 = Release|Any CPU
		{4063D199-89BB-7F9C-6E0E-21EFEEECD2BC}.Debug|Any CPU.ActiveCfg = Debug|Any CPU
		{4063D199-89BB-7F9C-6E0E-21EFEEECD2BC}.Debug|Any CPU.Build.0 = Debug|Any CPU
		{4063D199-89BB-7F9C-6E0E-21EFEEECD2BC}.Debug|x64.ActiveCfg = Debug|Any CPU
		{4063D199-89BB-7F9C-6E0E-21EFEEECD2BC}.Debug|x64.Build.0 = Debug|Any CPU
		{4063D199-89BB-7F9C-6E0E-21EFEEECD2BC}.Debug|x86.ActiveCfg = Debug|Any CPU
		{4063D199-89BB-7F9C-6E0E-21EFEEECD2BC}.Debug|x86.Build.0 = Debug|Any CPU
		{4063D199-89BB-7F9C-6E0E-21EFEEECD2BC}.Release|Any CPU.ActiveCfg = Release|Any CPU
		{4063D199-89BB-7F9C-6E0E-21EFEEECD2BC}.Release|Any CPU.Build.0 = Release|Any CPU
		{4063D199-89BB-7F9C-6E0E-21EFEEECD2BC}.Release|x64.ActiveCfg = Release|Any CPU
		{4063D199-89BB-7F9C-6E0E-21EFEEECD2BC}.Release|x64.Build.0 = Release|Any CPU
		{4063D199-89BB-7F9C-6E0E-21EFEEECD2BC}.Release|x86.ActiveCfg = Release|Any CPU
		{4063D199-89BB-7F9C-6E0E-21EFEEECD2BC}.Release|x86.Build.0 = Release|Any CPU
		{160BB44A-CCDD-05FF-E9ED-A902C04E1202}.Debug|Any CPU.ActiveCfg = Debug|Any CPU
		{160BB44A-CCDD-05FF-E9ED-A902C04E1202}.Debug|Any CPU.Build.0 = Debug|Any CPU
		{160BB44A-CCDD-05FF-E9ED-A902C04E1202}.Debug|x64.ActiveCfg = Debug|Any CPU
		{160BB44A-CCDD-05FF-E9ED-A902C04E1202}.Debug|x64.Build.0 = Debug|Any CPU
		{160BB44A-CCDD-05FF-E9ED-A902C04E1202}.Debug|x86.ActiveCfg = Debug|Any CPU
		{160BB44A-CCDD-05FF-E9ED-A902C04E1202}.Debug|x86.Build.0 = Debug|Any CPU
		{160BB44A-CCDD-05FF-E9ED-A902C04E1202}.Release|Any CPU.ActiveCfg = Release|Any CPU
		{160BB44A-CCDD-05FF-E9ED-A902C04E1202}.Release|Any CPU.Build.0 = Release|Any CPU
		{160BB44A-CCDD-05FF-E9ED-A902C04E1202}.Release|x64.ActiveCfg = Release|Any CPU
		{160BB44A-CCDD-05FF-E9ED-A902C04E1202}.Release|x64.Build.0 = Release|Any CPU
		{160BB44A-CCDD-05FF-E9ED-A902C04E1202}.Release|x86.ActiveCfg = Release|Any CPU
		{160BB44A-CCDD-05FF-E9ED-A902C04E1202}.Release|x86.Build.0 = Release|Any CPU
	EndGlobalSection
	GlobalSection(SolutionProperties) = preSolution
		HideSolutionNode = FALSE
	EndGlobalSection
	GlobalSection(NestedProjects) = preSolution
		{4063D199-89BB-7F9C-6E0E-21EFEEECD2BC} = {02EA681E-C7D8-13C7-8484-4AC65E1B71E8}
		{160BB44A-CCDD-05FF-E9ED-A902C04E1202} = {02EA681E-C7D8-13C7-8484-4AC65E1B71E8}
	EndGlobalSection
	GlobalSection(ExtensibilityGlobals) = postSolution
		SolutionGuid = {96355E0C-7F34-4724-8BAA-530F1C437F77}
	EndGlobalSection
EndGlobal
