
Microsoft Visual Studio Solution File, Format Version 12.00
# Visual Studio Version 17
VisualStudioVersion = 17.0.31903.59
MinimumVisualStudioVersion = 10.0.40219.1
Project("{FAE04EC0-301F-11D3-BF4B-00C04F79EFBC}") = "BankMore.ContaCorrente.Api", "BankMore.ContaCorrente.Api\BankMore.ContaCorrente.Api.csproj", "{A44090BD-6F67-4019-BD87-9A6FB7CCC9EC}"
EndProject
Project("{FAE04EC0-301F-11D3-BF4B-00C04F79EFBC}") = "BankMore.ContaCorrente.Application", "BankMore.ContaCorrente.Application\BankMore.ContaCorrente.Application.csproj", "{2A12C07E-A1B7-4A03-A27A-0D4EEBE4251A}"
EndProject
Project("{FAE04EC0-301F-11D3-BF4B-00C04F79EFBC}") = "BankMore.ContaCorrente.Domain", "BankMore.ContaCorrente.Domain\BankMore.ContaCorrente.Domain.csproj", "{2B3C5398-12A3-48CC-AE7F-BC7104BF91F8}"
EndProject
Project("{FAE04EC0-301F-11D3-BF4B-00C04F79EFBC}") = "BankMore.ContaCorrente.Infrastructure", "BankMore.ContaCorrente.Infrastructure\BankMore.ContaCorrente.Infrastructure.csproj", "{821A19B9-E5CD-4A98-8C88-B023B5D21081}"
EndProject
Project("{FAE04EC0-301F-11D3-BF4B-00C04F79EFBC}") = "BankMore.Tarifas.Application", "BankMore.Tarifas.Application\BankMore.Tarifas.Application.csproj", "{258111E5-E156-4933-958C-B609CFBCD754}"
EndProject
Project("{FAE04EC0-301F-11D3-BF4B-00C04F79EFBC}") = "BankMore.Tarifas.Domain", "BankMore.Tarifas.Domain\BankMore.Tarifas.Domain.csproj", "{C2F23221-DAAE-4A06-9380-BDB9BC5FF5DC}"
EndProject
Project("{FAE04EC0-301F-11D3-BF4B-00C04F79EFBC}") = "BankMore.Tarifas.Infrastructure", "BankMore.Tarifas.Infrastructure\BankMore.Tarifas.Infrastructure.csproj", "{4642DCA1-0361-4E58-A68E-B89554EFB991}"
EndProject
Project("{FAE04EC0-301F-11D3-BF4B-00C04F79EFBC}") = "BankMore.Tarifas.Worker", "BankMore.Tarifas.Worker\BankMore.Tarifas.Worker.csproj", "{362203D3-7353-4458-8D7C-A8CC1000A050}"
EndProject
Project("{FAE04EC0-301F-11D3-BF4B-00C04F79EFBC}") = "BankMore.Transferencia.Api", "BankMore.Transferencia.Api\BankMore.Transferencia.Api.csproj", "{26CA7BE4-E2EA-4F7A-ADA3-EB65EBBF4A51}"
EndProject
Project("{FAE04EC0-301F-11D3-BF4B-00C04F79EFBC}") = "BankMore.Transferencia.Application", "BankMore.Transferencia.Application\BankMore.Transferencia.Application.csproj", "{B2282173-F935-43FB-82C7-DC4B9DF4283D}"
EndProject
Project("{FAE04EC0-301F-11D3-BF4B-00C04F79EFBC}") = "BankMore.Transferencia.Domain", "BankMore.Transferencia.Domain\BankMore.Transferencia.Domain.csproj", "{598B9CD0-2BFA-4C1C-8163-748727D46AE9}"
EndProject
Project("{FAE04EC0-301F-11D3-BF4B-00C04F79EFBC}") = "BankMore.Transferencia.Infrastructure", "BankMore.Transferencia.Infrastructure\BankMore.Transferencia.Infrastructure.csproj", "{105DD01E-7915-432B-BE68-23E42248F886}"
EndProject
Global
	GlobalSection(SolutionConfigurationPlatforms) = preSolution
		Debug|Any CPU = Debug|Any CPU
		Release|Any CPU = Release|Any CPU
	EndGlobalSection
	GlobalSection(SolutionProperties) = preSolution
		HideSolutionNode = FALSE
	EndGlobalSection
	GlobalSection(ProjectConfigurationPlatforms) = postSolution
		{A44090BD-6F67-4019-BD87-9A6FB7CCC9EC}.Debug|Any CPU.ActiveCfg = Debug|Any CPU
		{A44090BD-6F67-4019-BD87-9A6FB7CCC9EC}.Debug|Any CPU.Build.0 = Debug|Any CPU
		{A44090BD-6F67-4019-BD87-9A6FB7CCC9EC}.Release|Any CPU.ActiveCfg = Release|Any CPU
		{A44090BD-6F67-4019-BD87-9A6FB7CCC9EC}.Release|Any CPU.Build.0 = Release|Any CPU
		{2A12C07E-A1B7-4A03-A27A-0D4EEBE4251A}.Debug|Any CPU.ActiveCfg = Debug|Any CPU
		{2A12C07E-A1B7-4A03-A27A-0D4EEBE4251A}.Debug|Any CPU.Build.0 = Debug|Any CPU
		{2A12C07E-A1B7-4A03-A27A-0D4EEBE4251A}.Release|Any CPU.ActiveCfg = Release|Any CPU
		{2A12C07E-A1B7-4A03-A27A-0D4EEBE4251A}.Release|Any CPU.Build.0 = Release|Any CPU
		{2B3C5398-12A3-48CC-AE7F-BC7104BF91F8}.Debug|Any CPU.ActiveCfg = Debug|Any CPU
		{2B3C5398-12A3-48CC-AE7F-BC7104BF91F8}.Debug|Any CPU.Build.0 = Debug|Any CPU
		{2B3C5398-12A3-48CC-AE7F-BC7104BF91F8}.Release|Any CPU.ActiveCfg = Release|Any CPU
		{2B3C5398-12A3-48CC-AE7F-BC7104BF91F8}.Release|Any CPU.Build.0 = Release|Any CPU
		{821A19B9-E5CD-4A98-8C88-B023B5D21081}.Debug|Any CPU.ActiveCfg = Debug|Any CPU
		{821A19B9-E5CD-4A98-8C88-B023B5D21081}.Debug|Any CPU.Build.0 = Debug|Any CPU
		{821A19B9-E5CD-4A98-8C88-B023B5D21081}.Release|Any CPU.ActiveCfg = Release|Any CPU
		{821A19B9-E5CD-4A98-8C88-B023B5D21081}.Release|Any CPU.Build.0 = Release|Any CPU
		{258111E5-E156-4933-958C-B609CFBCD754}.Debug|Any CPU.ActiveCfg = Debug|Any CPU
		{258111E5-E156-4933-958C-B609CFBCD754}.Debug|Any CPU.Build.0 = Debug|Any CPU
		{258111E5-E156-4933-958C-B609CFBCD754}.Release|Any CPU.ActiveCfg = Release|Any CPU
		{258111E5-E156-4933-958C-B609CFBCD754}.Release|Any CPU.Build.0 = Release|Any CPU
		{C2F23221-DAAE-4A06-9380-BDB9BC5FF5DC}.Debug|Any CPU.ActiveCfg = Debug|Any CPU
		{C2F23221-DAAE-4A06-9380-BDB9BC5FF5DC}.Debug|Any CPU.Build.0 = Debug|Any CPU
		{C2F23221-DAAE-4A06-9380-BDB9BC5FF5DC}.Release|Any CPU.ActiveCfg = Release|Any CPU
		{C2F23221-DAAE-4A06-9380-BDB9BC5FF5DC}.Release|Any CPU.Build.0 = Release|Any CPU
		{4642DCA1-0361-4E58-A68E-B89554EFB991}.Debug|Any CPU.ActiveCfg = Debug|Any CPU
		{4642DCA1-0361-4E58-A68E-B89554EFB991}.Debug|Any CPU.Build.0 = Debug|Any CPU
		{4642DCA1-0361-4E58-A68E-B89554EFB991}.Release|Any CPU.ActiveCfg = Release|Any CPU
		{4642DCA1-0361-4E58-A68E-B89554EFB991}.Release|Any CPU.Build.0 = Release|Any CPU
		{362203D3-7353-4458-8D7C-A8CC1000A050}.Debug|Any CPU.ActiveCfg = Debug|Any CPU
		{362203D3-7353-4458-8D7C-A8CC1000A050}.Debug|Any CPU.Build.0 = Debug|Any CPU
		{362203D3-7353-4458-8D7C-A8CC1000A050}.Release|Any CPU.ActiveCfg = Release|Any CPU
		{362203D3-7353-4458-8D7C-A8CC1000A050}.Release|Any CPU.Build.0 = Release|Any CPU
		{26CA7BE4-E2EA-4F7A-ADA3-EB65EBBF4A51}.Debug|Any CPU.ActiveCfg = Debug|Any CPU
		{26CA7BE4-E2EA-4F7A-ADA3-EB65EBBF4A51}.Debug|Any CPU.Build.0 = Debug|Any CPU
		{26CA7BE4-E2EA-4F7A-ADA3-EB65EBBF4A51}.Release|Any CPU.ActiveCfg = Release|Any CPU
		{26CA7BE4-E2EA-4F7A-ADA3-EB65EBBF4A51}.Release|Any CPU.Build.0 = Release|Any CPU
		{B2282173-F935-43FB-82C7-DC4B9DF4283D}.Debug|Any CPU.ActiveCfg = Debug|Any CPU
		{B2282173-F935-43FB-82C7-DC4B9DF4283D}.Debug|Any CPU.Build.0 = Debug|Any CPU
		{B2282173-F935-43FB-82C7-DC4B9DF4283D}.Release|Any CPU.ActiveCfg = Release|Any CPU
		{B2282173-F935-43FB-82C7-DC4B9DF4283D}.Release|Any CPU.Build.0 = Release|Any CPU
		{598B9CD0-2BFA-4C1C-8163-748727D46AE9}.Debug|Any CPU.ActiveCfg = Debug|Any CPU
		{598B9CD0-2BFA-4C1C-8163-748727D46AE9}.Debug|Any CPU.Build.0 = Debug|Any CPU
		{598B9CD0-2BFA-4C1C-8163-748727D46AE9}.Release|Any CPU.ActiveCfg = Release|Any CPU
		{598B9CD0-2BFA-4C1C-8163-748727D46AE9}.Release|Any CPU.Build.0 = Release|Any CPU
		{105DD01E-7915-432B-BE68-23E42248F886}.Debug|Any CPU.ActiveCfg = Debug|Any CPU
		{105DD01E-7915-432B-BE68-23E42248F886}.Debug|Any CPU.Build.0 = Debug|Any CPU
		{105DD01E-7915-432B-BE68-23E42248F886}.Release|Any CPU.ActiveCfg = Release|Any CPU
		{105DD01E-7915-432B-BE68-23E42248F886}.Release|Any CPU.Build.0 = Release|Any CPU
	EndGlobalSection
EndGlobal
